// !$*UTF8*$!
{
	archiveVersion = 1;
	classes = {
	};
	objectVersion = 77;
	objects = {

/* Begin PBXBuildFile section */
		182FB48D2DD510810056F573 /* Assets.xcassets in Resources */ = {isa = PBXBuildFile; fileRef = 182FB4872DD510810056F573 /* Assets.xcassets */; };
		182FB48E2DD510810056F573 /* ContentView.swift in Sources */ = {isa = PBXBuildFile; fileRef = 182FB4882DD510810056F573 /* ContentView.swift */; };
		182FB48F2DD510810056F573 /* LoginView.swift in Sources */ = {isa = PBXBuildFile; fileRef = 182FB4892DD510810056F573 /* LoginView.swift */; };
		182FB4902DD510810056F573 /* SplashView.swift in Sources */ = {isa = PBXBuildFile; fileRef = 182FB48A2DD510810056F573 /* SplashView.swift */; };
		182FB4912DD510810056F573 /* WhatsAppCloneApp.swift in Sources */ = {isa = PBXBuildFile; fileRef = 182FB48B2DD510810056F573 /* WhatsAppCloneApp.swift */; };
		182FB4982DD510D40056F573 /* CountryListModel.swift in Sources */ = {isa = PBXBuildFile; fileRef = 182FB4972DD510CC0056F573 /* CountryListModel.swift */; };
		182FB49A2DD511D10056F573 /* CountriesListView.swift in Sources */ = {isa = PBXBuildFile; fileRef = 182FB4992DD511D10056F573 /* CountriesListView.swift */; };
		18410F792DD9DCA500A3820D /* OtpVerifyView.swift in Sources */ = {isa = PBXBuildFile; fileRef = 18410F782DD9DCA500A3820D /* OtpVerifyView.swift */; };
		18410F7B2DD9DCB800A3820D /* OTPFieldView.swift in Sources */ = {isa = PBXBuildFile; fileRef = 18410F7A2DD9DCB800A3820D /* OTPFieldView.swift */; };
		1846C8722DD9126900AEE854 /* FirebaseAuth in Frameworks */ = {isa = PBXBuildFile; productRef = 1846C8712DD9126900AEE854 /* FirebaseAuth */; };
		1846C8742DD9126900AEE854 /* FirebaseCore in Frameworks */ = {isa = PBXBuildFile; productRef = 1846C8732DD9126900AEE854 /* FirebaseCore */; };
		1846C8762DD9126900AEE854 /* FirebaseDatabase in Frameworks */ = {isa = PBXBuildFile; productRef = 1846C8752DD9126900AEE854 /* FirebaseDatabase */; };
		1846C8782DD9126900AEE854 /* FirebaseFirestore in Frameworks */ = {isa = PBXBuildFile; productRef = 1846C8772DD9126900AEE854 /* FirebaseFirestore */; };
		1846C87A2DD9126900AEE854 /* FirebaseStorage in Frameworks */ = {isa = PBXBuildFile; productRef = 1846C8792DD9126900AEE854 /* FirebaseStorage */; };
		1846C8832DD9169C00AEE854 /* AuthViewModel.swift in Sources */ = {isa = PBXBuildFile; fileRef = 1846C8822DD9168400AEE854 /* AuthViewModel.swift */; };
		184C53A32DF0B8A2002A7536 /* FriendModel.swift in Sources */ = {isa = PBXBuildFile; fileRef = 184C53A22DF0B8A2002A7536 /* FriendModel.swift */; };
		185319752DF311E000AB7BB9 /* FriendListView.swift in Sources */ = {isa = PBXBuildFile; fileRef = 185319742DF311E000AB7BB9 /* FriendListView.swift */; };
		185319772DF3680B00AB7BB9 /* ChatModel.swift in Sources */ = {isa = PBXBuildFile; fileRef = 185319762DF3680B00AB7BB9 /* ChatModel.swift */; };
		1853197D2DF373AD00AB7BB9 /* ChatViewModel.swift in Sources */ = {isa = PBXBuildFile; fileRef = 1853197C2DF373AD00AB7BB9 /* ChatViewModel.swift */; };
		1853197F2DF379D500AB7BB9 /* ChatView.swift in Sources */ = {isa = PBXBuildFile; fileRef = 1853197E2DF379D500AB7BB9 /* ChatView.swift */; };
		186FEC402DE20EF5008647FD /* HomeScreenView.swift in Sources */ = {isa = PBXBuildFile; fileRef = 186FEC3F2DE20EF5008647FD /* HomeScreenView.swift */; };
		186FEC422DE2233A008647FD /* HomeViewModel.swift in Sources */ = {isa = PBXBuildFile; fileRef = 186FEC412DE2233A008647FD /* HomeViewModel.swift */; };
		187BFCF62DDD06DA0029ED9B /* AppExtension.swift in Sources */ = {isa = PBXBuildFile; fileRef = 187BFCF52DDD06DA0029ED9B /* AppExtension.swift */; };
		187CE0772DEA3FFE0056448C /* ExploreListView.swift in Sources */ = {isa = PBXBuildFile; fileRef = 187CE0762DEA3FFE0056448C /* ExploreListView.swift */; };
		187FC73B2DEAF5AB008EBA0A /* EmailSignInView.swift in Sources */ = {isa = PBXBuildFile; fileRef = 187FC73A2DEAF5AB008EBA0A /* EmailSignInView.swift */; };
		187FC7992DEB1C82008EBA0A /* GoogleService-Info.plist in Resources */ = {isa = PBXBuildFile; fileRef = 187FC7982DEB1C82008EBA0A /* GoogleService-Info.plist */; };
		18809C642DDDC9E40050DD23 /* AvatarSheetView.swift in Sources */ = {isa = PBXBuildFile; fileRef = 18809C632DDDC9E40050DD23 /* AvatarSheetView.swift */; };
		18809C662DDDCD650050DD23 /* UserAvatarsModels.swift in Sources */ = {isa = PBXBuildFile; fileRef = 18809C652DDDCD5A0050DD23 /* UserAvatarsModels.swift */; };
		18809C9C2DDE3D720050DD23 /* UserModel.swift in Sources */ = {isa = PBXBuildFile; fileRef = 18809C9B2DDE3D720050DD23 /* UserModel.swift */; };
		1881FEAC2DEC7C9800B6BBA4 /* SettingView.swift in Sources */ = {isa = PBXBuildFile; fileRef = 1881FEAB2DEC7C9800B6BBA4 /* SettingView.swift */; };
		18B6CB3C2DDB930100410B46 /* AppConstant.swift in Sources */ = {isa = PBXBuildFile; fileRef = 18B6CB3B2DDB92F300410B46 /* AppConstant.swift */; };
		18B6CB3E2DDB973200410B46 /* AppFunctions.swift in Sources */ = {isa = PBXBuildFile; fileRef = 18B6CB3D2DDB972B00410B46 /* AppFunctions.swift */; };
		18B6CB412DDB9EDB00410B46 /* NVActivityIndicatorView in Frameworks */ = {isa = PBXBuildFile; productRef = 18B6CB402DDB9EDB00410B46 /* NVActivityIndicatorView */; };
		18B6CB432DDB9EDB00410B46 /* NVActivityIndicatorViewExtended in Frameworks */ = {isa = PBXBuildFile; productRef = 18B6CB422DDB9EDB00410B46 /* NVActivityIndicatorViewExtended */; };
		18B6CB482DDBA67700410B46 /* AddProfileDetailsView.swift in Sources */ = {isa = PBXBuildFile; fileRef = 18B6CB472DDBA67700410B46 /* AddProfileDetailsView.swift */; };
/* End PBXBuildFile section */

/* Begin PBXFileReference section */
		180251312DD3B381009DFDD7 /* WhatsAppClone.app */ = {isa = PBXFileReference; explicitFileType = wrapper.application; includeInIndex = 0; path = WhatsAppClone.app; sourceTree = BUILT_PRODUCTS_DIR; };
		182FB4872DD510810056F573 /* Assets.xcassets */ = {isa = PBXFileReference; lastKnownFileType = folder.assetcatalog; path = Assets.xcassets; sourceTree = "<group>"; };
		182FB4882DD510810056F573 /* ContentView.swift */ = {isa = PBXFileReference; lastKnownFileType = sourcecode.swift; path = ContentView.swift; sourceTree = "<group>"; };
		182FB4892DD510810056F573 /* LoginView.swift */ = {isa = PBXFileReference; lastKnownFileType = sourcecode.swift; path = LoginView.swift; sourceTree = "<group>"; };
		182FB48A2DD510810056F573 /* SplashView.swift */ = {isa = PBXFileReference; lastKnownFileType = sourcecode.swift; path = SplashView.swift; sourceTree = "<group>"; };
		182FB48B2DD510810056F573 /* WhatsAppCloneApp.swift */ = {isa = PBXFileReference; lastKnownFileType = sourcecode.swift; path = WhatsAppCloneApp.swift; sourceTree = "<group>"; };
		182FB4972DD510CC0056F573 /* CountryListModel.swift */ = {isa = PBXFileReference; lastKnownFileType = sourcecode.swift; path = CountryListModel.swift; sourceTree = "<group>"; };
		182FB4992DD511D10056F573 /* CountriesListView.swift */ = {isa = PBXFileReference; lastKnownFileType = sourcecode.swift; path = CountriesListView.swift; sourceTree = "<group>"; };
		18410F782DD9DCA500A3820D /* OtpVerifyView.swift */ = {isa = PBXFileReference; lastKnownFileType = sourcecode.swift; path = OtpVerifyView.swift; sourceTree = "<group>"; };
		18410F7A2DD9DCB800A3820D /* OTPFieldView.swift */ = {isa = PBXFileReference; lastKnownFileType = sourcecode.swift; path = OTPFieldView.swift; sourceTree = "<group>"; };
		1846C8812DD9158200AEE854 /* Info.plist */ = {isa = PBXFileReference; lastKnownFileType = text.plist.xml; path = Info.plist; sourceTree = "<group>"; };
		1846C8822DD9168400AEE854 /* AuthViewModel.swift */ = {isa = PBXFileReference; lastKnownFileType = sourcecode.swift; path = AuthViewModel.swift; sourceTree = "<group>"; };
		184C53A22DF0B8A2002A7536 /* FriendModel.swift */ = {isa = PBXFileReference; lastKnownFileType = sourcecode.swift; path = FriendModel.swift; sourceTree = "<group>"; };
		185319742DF311E000AB7BB9 /* FriendListView.swift */ = {isa = PBXFileReference; lastKnownFileType = sourcecode.swift; path = FriendListView.swift; sourceTree = "<group>"; };
		185319762DF3680B00AB7BB9 /* ChatModel.swift */ = {isa = PBXFileReference; lastKnownFileType = sourcecode.swift; path = ChatModel.swift; sourceTree = "<group>"; };
		1853197C2DF373AD00AB7BB9 /* ChatViewModel.swift */ = {isa = PBXFileReference; lastKnownFileType = sourcecode.swift; path = ChatViewModel.swift; sourceTree = "<group>"; };
		1853197E2DF379D500AB7BB9 /* ChatView.swift */ = {isa = PBXFileReference; lastKnownFileType = sourcecode.swift; path = ChatView.swift; sourceTree = "<group>"; };
		186FEC3F2DE20EF5008647FD /* HomeScreenView.swift */ = {isa = PBXFileReference; lastKnownFileType = sourcecode.swift; path = HomeScreenView.swift; sourceTree = "<group>"; };
		186FEC412DE2233A008647FD /* HomeViewModel.swift */ = {isa = PBXFileReference; lastKnownFileType = sourcecode.swift; path = HomeViewModel.swift; sourceTree = "<group>"; };
		187BFCF52DDD06DA0029ED9B /* AppExtension.swift */ = {isa = PBXFileReference; lastKnownFileType = sourcecode.swift; path = AppExtension.swift; sourceTree = "<group>"; };
		187CE0762DEA3FFE0056448C /* ExploreListView.swift */ = {isa = PBXFileReference; lastKnownFileType = sourcecode.swift; path = ExploreListView.swift; sourceTree = "<group>"; };
		187FC73A2DEAF5AB008EBA0A /* EmailSignInView.swift */ = {isa = PBXFileReference; lastKnownFileType = sourcecode.swift; path = EmailSignInView.swift; sourceTree = "<group>"; };
		187FC7982DEB1C82008EBA0A /* GoogleService-Info.plist */ = {isa = PBXFileReference; lastKnownFileType = text.plist.xml; path = "GoogleService-Info.plist"; sourceTree = "<group>"; };
		18809C632DDDC9E40050DD23 /* AvatarSheetView.swift */ = {isa = PBXFileReference; lastKnownFileType = sourcecode.swift; path = AvatarSheetView.swift; sourceTree = "<group>"; };
		18809C652DDDCD5A0050DD23 /* UserAvatarsModels.swift */ = {isa = PBXFileReference; lastKnownFileType = sourcecode.swift; path = UserAvatarsModels.swift; sourceTree = "<group>"; };
		18809C9B2DDE3D720050DD23 /* UserModel.swift */ = {isa = PBXFileReference; lastKnownFileType = sourcecode.swift; path = UserModel.swift; sourceTree = "<group>"; };
		1881FEAB2DEC7C9800B6BBA4 /* SettingView.swift */ = {isa = PBXFileReference; lastKnownFileType = sourcecode.swift; path = SettingView.swift; sourceTree = "<group>"; };
		18B6CB3B2DDB92F300410B46 /* AppConstant.swift */ = {isa = PBXFileReference; lastKnownFileType = sourcecode.swift; path = AppConstant.swift; sourceTree = "<group>"; };
		18B6CB3D2DDB972B00410B46 /* AppFunctions.swift */ = {isa = PBXFileReference; lastKnownFileType = sourcecode.swift; path = AppFunctions.swift; sourceTree = "<group>"; };
		18B6CB472DDBA67700410B46 /* AddProfileDetailsView.swift */ = {isa = PBXFileReference; lastKnownFileType = sourcecode.swift; path = AddProfileDetailsView.swift; sourceTree = "<group>"; };
/* End PBXFileReference section */

/* Begin PBXFrameworksBuildPhase section */
		1802512E2DD3B381009DFDD7 /* Frameworks */ = {
			isa = PBXFrameworksBuildPhase;
			buildActionMask = 2147483647;
			files = (
				18B6CB432DDB9EDB00410B46 /* NVActivityIndicatorViewExtended in Frameworks */,
				1846C8762DD9126900AEE854 /* FirebaseDatabase in Frameworks */,
				1846C8782DD9126900AEE854 /* FirebaseFirestore in Frameworks */,
				18B6CB412DDB9EDB00410B46 /* NVActivityIndicatorView in Frameworks */,
				1846C8742DD9126900AEE854 /* FirebaseCore in Frameworks */,
				1846C87A2DD9126900AEE854 /* FirebaseStorage in Frameworks */,
				1846C8722DD9126900AEE854 /* FirebaseAuth in Frameworks */,
			);
			runOnlyForDeploymentPostprocessing = 0;
		};
/* End PBXFrameworksBuildPhase section */

/* Begin PBXGroup section */
		180251282DD3B381009DFDD7 = {
			isa = PBXGroup;
			children = (
				182FB48C2DD510810056F573 /* WhatsAppClone */,
				180251322DD3B381009DFDD7 /* Products */,
			);
			sourceTree = "<group>";
		};
		180251322DD3B381009DFDD7 /* Products */ = {
			isa = PBXGroup;
			children = (
				180251312DD3B381009DFDD7 /* WhatsAppClone.app */,
			);
			name = Products;
			sourceTree = "<group>";
		};
		182FB48C2DD510810056F573 /* WhatsAppClone */ = {
			isa = PBXGroup;
			children = (
				18B6CB3A2DDB92E000410B46 /* Constant */,
				18B6CB392DDB92D500410B46 /* Screens */,
				182FB4872DD510810056F573 /* Assets.xcassets */,
				187FC7982DEB1C82008EBA0A /* GoogleService-Info.plist */,
				1846C8812DD9158200AEE854 /* Info.plist */,
				182FB4882DD510810056F573 /* ContentView.swift */,
				182FB48B2DD510810056F573 /* WhatsAppCloneApp.swift */,
			);
			path = WhatsAppClone;
			sourceTree = "<group>";
		};
		182FB4922DD510880056F573 /* Splash */ = {
			isa = PBXGroup;
			children = (
				182FB48A2DD510810056F573 /* SplashView.swift */,
			);
			path = Splash;
			sourceTree = "<group>";
		};
		182FB4932DD5109D0056F573 /* Auth */ = {
			isa = PBXGroup;
			children = (
				182FB4962DD510BB0056F573 /* viewModel */,
				182FB4952DD510B40056F573 /* view */,
				182FB4942DD510AA0056F573 /* model */,
			);
			path = Auth;
			sourceTree = "<group>";
		};
		182FB4942DD510AA0056F573 /* model */ = {
			isa = PBXGroup;
			children = (
				182FB4972DD510CC0056F573 /* CountryListModel.swift */,
				18809C652DDDCD5A0050DD23 /* UserAvatarsModels.swift */,
				18809C9B2DDE3D720050DD23 /* UserModel.swift */,
			);
			path = model;
			sourceTree = "<group>";
		};
		182FB4952DD510B40056F573 /* view */ = {
			isa = PBXGroup;
			children = (
				18B6CB442DDBA3EF00410B46 /* Login */,
				18B6CB452DDBA40400410B46 /* Otp */,
				187FC7392DEAF573008EBA0A /* EmailSignIn */,
				18B6CB462DDBA64F00410B46 /* ProfileDetails */,
			);
			path = view;
			sourceTree = "<group>";
		};
		182FB4962DD510BB0056F573 /* viewModel */ = {
			isa = PBXGroup;
			children = (
				1846C8822DD9168400AEE854 /* AuthViewModel.swift */,
			);
			path = viewModel;
			sourceTree = "<group>";
		};
		184C53A42DF0C9B6002A7536 /* MainHomeTabBaar */ = {
			isa = PBXGroup;
			children = (
				186FEC3F2DE20EF5008647FD /* HomeScreenView.swift */,
			);
			path = MainHomeTabBaar;
			sourceTree = "<group>";
		};
		185319782DF368D400AB7BB9 /* Chat */ = {
			isa = PBXGroup;
			children = (
				1853197B2DF3691200AB7BB9 /* viewModel */,
				1853197A2DF368F600AB7BB9 /* view */,
				185319792DF368E800AB7BB9 /* model */,
			);
			path = Chat;
			sourceTree = "<group>";
		};
		185319792DF368E800AB7BB9 /* model */ = {
			isa = PBXGroup;
			children = (
				185319762DF3680B00AB7BB9 /* ChatModel.swift */,
			);
			path = model;
			sourceTree = "<group>";
		};
		1853197A2DF368F600AB7BB9 /* view */ = {
			isa = PBXGroup;
			children = (
				1853197E2DF379D500AB7BB9 /* ChatView.swift */,
			);
			path = view;
			sourceTree = "<group>";
		};
		1853197B2DF3691200AB7BB9 /* viewModel */ = {
			isa = PBXGroup;
			children = (
				1853197C2DF373AD00AB7BB9 /* ChatViewModel.swift */,
			);
			path = viewModel;
			sourceTree = "<group>";
		};
		186FEC3B2DE20C12008647FD /* Home */ = {
			isa = PBXGroup;
			children = (
				186FEC3E2DE20C38008647FD /* viewModel */,
				186FEC3D2DE20C2F008647FD /* view */,
				186FEC3C2DE20C1E008647FD /* model */,
			);
			path = Home;
			sourceTree = "<group>";
		};
		186FEC3C2DE20C1E008647FD /* model */ = {
			isa = PBXGroup;
			children = (
				184C53A22DF0B8A2002A7536 /* FriendModel.swift */,
			);
			path = model;
			sourceTree = "<group>";
		};
		186FEC3D2DE20C2F008647FD /* view */ = {
			isa = PBXGroup;
			children = (
				184C53A42DF0C9B6002A7536 /* MainHomeTabBaar */,
				1881FEA92DEC7C6C00B6BBA4 /* Setting */,
				187CE0752DEA3FC00056448C /* FriendsList */,
				187CE0742DEA3FAB0056448C /* ExploreList */,
			);
			path = view;
			sourceTree = "<group>";
		};
		186FEC3E2DE20C38008647FD /* viewModel */ = {
			isa = PBXGroup;
			children = (
				186FEC412DE2233A008647FD /* HomeViewModel.swift */,
			);
			path = viewModel;
			sourceTree = "<group>";
		};
		187CE0742DEA3FAB0056448C /* ExploreList */ = {
			isa = PBXGroup;
			children = (
				187CE0762DEA3FFE0056448C /* ExploreListView.swift */,
			);
			path = ExploreList;
			sourceTree = "<group>";
		};
		187CE0752DEA3FC00056448C /* FriendsList */ = {
			isa = PBXGroup;
			children = (
				185319742DF311E000AB7BB9 /* FriendListView.swift */,
			);
			path = FriendsList;
			sourceTree = "<group>";
		};
		187FC7392DEAF573008EBA0A /* EmailSignIn */ = {
			isa = PBXGroup;
			children = (
			);
			path = EmailSignIn;
			sourceTree = "<group>";
		};
		1881FEA92DEC7C6C00B6BBA4 /* Setting */ = {
			isa = PBXGroup;
			children = (
				1881FEAB2DEC7C9800B6BBA4 /* SettingView.swift */,
			);
			path = Setting;
			sourceTree = "<group>";
		};
		18B6CB392DDB92D500410B46 /* Screens */ = {
			isa = PBXGroup;
			children = (
				182FB4922DD510880056F573 /* Splash */,
				182FB4932DD5109D0056F573 /* Auth */,
				186FEC3B2DE20C12008647FD /* Home */,
				185319782DF368D400AB7BB9 /* Chat */,
			);
			path = Screens;
			sourceTree = "<group>";
		};
		18B6CB3A2DDB92E000410B46 /* Constant */ = {
			isa = PBXGroup;
			children = (
				18B6CB3B2DDB92F300410B46 /* AppConstant.swift */,
				18B6CB3D2DDB972B00410B46 /* AppFunctions.swift */,
				187BFCF52DDD06DA0029ED9B /* AppExtension.swift */,
			);
			path = Constant;
			sourceTree = "<group>";
		};
		18B6CB442DDBA3EF00410B46 /* Login */ = {
			isa = PBXGroup;
			children = (
				182FB4892DD510810056F573 /* LoginView.swift */,
				182FB4992DD511D10056F573 /* CountriesListView.swift */,
			);
			path = Login;
			sourceTree = "<group>";
		};
		18B6CB452DDBA40400410B46 /* Otp */ = {
			isa = PBXGroup;
			children = (
				18410F782DD9DCA500A3820D /* OtpVerifyView.swift */,
				18410F7A2DD9DCB800A3820D /* OTPFieldView.swift */,
			);
			path = Otp;
			sourceTree = "<group>";
		};
		18B6CB462DDBA64F00410B46 /* ProfileDetails */ = {
			isa = PBXGroup;
			children = (
				18B6CB472DDBA67700410B46 /* AddProfileDetailsView.swift */,
				18809C632DDDC9E40050DD23 /* AvatarSheetView.swift */,
				187FC73A2DEAF5AB008EBA0A /* EmailSignInView.swift */,
			);
			path = ProfileDetails;
			sourceTree = "<group>";
		};
/* End PBXGroup section */

/* Begin PBXNativeTarget section */
		180251302DD3B381009DFDD7 /* WhatsAppClone */ = {
			isa = PBXNativeTarget;
			buildConfigurationList = 1802513C2DD3B383009DFDD7 /* Build configuration list for PBXNativeTarget "WhatsAppClone" */;
			buildPhases = (
				1802512D2DD3B381009DFDD7 /* Sources */,
				1802512E2DD3B381009DFDD7 /* Frameworks */,
				1802512F2DD3B381009DFDD7 /* Resources */,
			);
			buildRules = (
			);
			dependencies = (
			);
			name = WhatsAppClone;
			packageProductDependencies = (
				1846C8712DD9126900AEE854 /* FirebaseAuth */,
				1846C8732DD9126900AEE854 /* FirebaseCore */,
				1846C8752DD9126900AEE854 /* FirebaseDatabase */,
				1846C8772DD9126900AEE854 /* FirebaseFirestore */,
				1846C8792DD9126900AEE854 /* FirebaseStorage */,
				18B6CB402DDB9EDB00410B46 /* NVActivityIndicatorView */,
				18B6CB422DDB9EDB00410B46 /* NVActivityIndicatorViewExtended */,
			);
			productName = WhatsAppClone;
			productReference = 180251312DD3B381009DFDD7 /* WhatsAppClone.app */;
			productType = "com.apple.product-type.application";
		};
/* End PBXNativeTarget section */

/* Begin PBXProject section */
		180251292DD3B381009DFDD7 /* Project object */ = {
			isa = PBXProject;
			attributes = {
				BuildIndependentTargetsInParallel = 1;
				LastSwiftUpdateCheck = 1630;
				LastUpgradeCheck = 1630;
				TargetAttributes = {
					180251302DD3B381009DFDD7 = {
						CreatedOnToolsVersion = 16.3;
					};
				};
			};
			buildConfigurationList = 1802512C2DD3B381009DFDD7 /* Build configuration list for PBXProject "WhatsAppClone" */;
			developmentRegion = en;
			hasScannedForEncodings = 0;
			knownRegions = (
				en,
				Base,
			);
			mainGroup = 180251282DD3B381009DFDD7;
			minimizedProjectReferenceProxies = 1;
			packageReferences = (
				1846C8702DD9126900AEE854 /* XCRemoteSwiftPackageReference "firebase-ios-sdk" */,
				18B6CB3F2DDB9EDB00410B46 /* XCRemoteSwiftPackageReference "NVActivityIndicatorView" */,
			);
			preferredProjectObjectVersion = 77;
			productRefGroup = 180251322DD3B381009DFDD7 /* Products */;
			projectDirPath = "";
			projectRoot = "";
			targets = (
				180251302DD3B381009DFDD7 /* WhatsAppClone */,
			);
		};
/* End PBXProject section */

/* Begin PBXResourcesBuildPhase section */
		1802512F2DD3B381009DFDD7 /* Resources */ = {
			isa = PBXResourcesBuildPhase;
			buildActionMask = 2147483647;
			files = (
				182FB48D2DD510810056F573 /* Assets.xcassets in Resources */,
				187FC7992DEB1C82008EBA0A /* GoogleService-Info.plist in Resources */,
			);
			runOnlyForDeploymentPostprocessing = 0;
		};
/* End PBXResourcesBuildPhase section */

/* Begin PBXSourcesBuildPhase section */
		1802512D2DD3B381009DFDD7 /* Sources */ = {
			isa = PBXSourcesBuildPhase;
			buildActionMask = 2147483647;
			files = (
				182FB4982DD510D40056F573 /* CountryListModel.swift in Sources */,
				186FEC422DE2233A008647FD /* HomeViewModel.swift in Sources */,
				18B6CB3C2DDB930100410B46 /* AppConstant.swift in Sources */,
				1881FEAC2DEC7C9800B6BBA4 /* SettingView.swift in Sources */,
				187FC73B2DEAF5AB008EBA0A /* EmailSignInView.swift in Sources */,
				18410F792DD9DCA500A3820D /* OtpVerifyView.swift in Sources */,
				1853197F2DF379D500AB7BB9 /* ChatView.swift in Sources */,
				18B6CB3E2DDB973200410B46 /* AppFunctions.swift in Sources */,
				182FB49A2DD511D10056F573 /* CountriesListView.swift in Sources */,
				18B6CB482DDBA67700410B46 /* AddProfileDetailsView.swift in Sources */,
				18809C662DDDCD650050DD23 /* UserAvatarsModels.swift in Sources */,
				186FEC402DE20EF5008647FD /* HomeScreenView.swift in Sources */,
				185319772DF3680B00AB7BB9 /* ChatModel.swift in Sources */,
				182FB48E2DD510810056F573 /* ContentView.swift in Sources */,
				1853197D2DF373AD00AB7BB9 /* ChatViewModel.swift in Sources */,
				18410F7B2DD9DCB800A3820D /* OTPFieldView.swift in Sources */,
				1846C8832DD9169C00AEE854 /* AuthViewModel.swift in Sources */,
				187CE0772DEA3FFE0056448C /* ExploreListView.swift in Sources */,
				18809C9C2DDE3D720050DD23 /* UserModel.swift in Sources */,
				185319752DF311E000AB7BB9 /* FriendListView.swift in Sources */,
				18809C642DDDC9E40050DD23 /* AvatarSheetView.swift in Sources */,
				182FB48F2DD510810056F573 /* LoginView.swift in Sources */,
				187BFCF62DDD06DA0029ED9B /* AppExtension.swift in Sources */,
				184C53A32DF0B8A2002A7536 /* FriendModel.swift in Sources */,
				182FB4902DD510810056F573 /* SplashView.swift in Sources */,
				182FB4912DD510810056F573 /* WhatsAppCloneApp.swift in Sources */,
			);
			runOnlyForDeploymentPostprocessing = 0;
		};
/* End PBXSourcesBuildPhase section */

/* Begin XCBuildConfiguration section */
		1802513A2DD3B383009DFDD7 /* Debug */ = {
			isa = XCBuildConfiguration;
			buildSettings = {
				ALWAYS_SEARCH_USER_PATHS = NO;
				ASSETCATALOG_COMPILER_GENERATE_SWIFT_ASSET_SYMBOL_EXTENSIONS = YES;
				CLANG_ANALYZER_NONNULL = YES;
				CLANG_ANALYZER_NUMBER_OBJECT_CONVERSION = YES_AGGRESSIVE;
				CLANG_CXX_LANGUAGE_STANDARD = "gnu++20";
				CLANG_ENABLE_MODULES = YES;
				CLANG_ENABLE_OBJC_ARC = YES;
				CLANG_ENABLE_OBJC_WEAK = YES;
				CLANG_WARN_BLOCK_CAPTURE_AUTORELEASING = YES;
				CLANG_WARN_BOOL_CONVERSION = YES;
				CLANG_WARN_COMMA = YES;
				CLANG_WARN_CONSTANT_CONVERSION = YES;
				CLANG_WARN_DEPRECATED_OBJC_IMPLEMENTATIONS = YES;
				CLANG_WARN_DIRECT_OBJC_ISA_USAGE = YES_ERROR;
				CLANG_WARN_DOCUMENTATION_COMMENTS = YES;
				CLANG_WARN_EMPTY_BODY = YES;
				CLANG_WARN_ENUM_CONVERSION = YES;
				CLANG_WARN_INFINITE_RECURSION = YES;
				CLANG_WARN_INT_CONVERSION = YES;
				CLANG_WARN_NON_LITERAL_NULL_CONVERSION = YES;
				CLANG_WARN_OBJC_IMPLICIT_RETAIN_SELF = YES;
				CLANG_WARN_OBJC_LITERAL_CONVERSION = YES;
				CLANG_WARN_OBJC_ROOT_CLASS = YES_ERROR;
				CLANG_WARN_QUOTED_INCLUDE_IN_FRAMEWORK_HEADER = YES;
				CLANG_WARN_RANGE_LOOP_ANALYSIS = YES;
				CLANG_WARN_STRICT_PROTOTYPES = YES;
				CLANG_WARN_SUSPICIOUS_MOVE = YES;
				CLANG_WARN_UNGUARDED_AVAILABILITY = YES_AGGRESSIVE;
				CLANG_WARN_UNREACHABLE_CODE = YES;
				CLANG_WARN__DUPLICATE_METHOD_MATCH = YES;
				COPY_PHASE_STRIP = NO;
				DEBUG_INFORMATION_FORMAT = dwarf;
				DEVELOPMENT_TEAM = XJJX987WNG;
				ENABLE_STRICT_OBJC_MSGSEND = YES;
				ENABLE_TESTABILITY = YES;
				ENABLE_USER_SCRIPT_SANDBOXING = YES;
				GCC_C_LANGUAGE_STANDARD = gnu17;
				GCC_DYNAMIC_NO_PIC = NO;
				GCC_NO_COMMON_BLOCKS = YES;
				GCC_OPTIMIZATION_LEVEL = 0;
				GCC_PREPROCESSOR_DEFINITIONS = (
					"DEBUG=1",
					"$(inherited)",
				);
				GCC_WARN_64_TO_32_BIT_CONVERSION = YES;
				GCC_WARN_ABOUT_RETURN_TYPE = YES_ERROR;
				GCC_WARN_UNDECLARED_SELECTOR = YES;
				GCC_WARN_UNINITIALIZED_AUTOS = YES_AGGRESSIVE;
				GCC_WARN_UNUSED_FUNCTION = YES;
				GCC_WARN_UNUSED_VARIABLE = YES;
				IPHONEOS_DEPLOYMENT_TARGET = 18.4;
				LOCALIZATION_PREFERS_STRING_CATALOGS = YES;
				MTL_ENABLE_DEBUG_INFO = INCLUDE_SOURCE;
				MTL_FAST_MATH = YES;
				ONLY_ACTIVE_ARCH = YES;
				SDKROOT = iphoneos;
				SWIFT_ACTIVE_COMPILATION_CONDITIONS = "DEBUG $(inherited)";
				SWIFT_OPTIMIZATION_LEVEL = "-Onone";
			};
			name = Debug;
		};
		1802513B2DD3B383009DFDD7 /* Release */ = {
			isa = XCBuildConfiguration;
			buildSettings = {
				ALWAYS_SEARCH_USER_PATHS = NO;
				ASSETCATALOG_COMPILER_GENERATE_SWIFT_ASSET_SYMBOL_EXTENSIONS = YES;
				CLANG_ANALYZER_NONNULL = YES;
				CLANG_ANALYZER_NUMBER_OBJECT_CONVERSION = YES_AGGRESSIVE;
				CLANG_CXX_LANGUAGE_STANDARD = "gnu++20";
				CLANG_ENABLE_MODULES = YES;
				CLANG_ENABLE_OBJC_ARC = YES;
				CLANG_ENABLE_OBJC_WEAK = YES;
				CLANG_WARN_BLOCK_CAPTURE_AUTORELEASING = YES;
				CLANG_WARN_BOOL_CONVERSION = YES;
				CLANG_WARN_COMMA = YES;
				CLANG_WARN_CONSTANT_CONVERSION = YES;
				CLANG_WARN_DEPRECATED_OBJC_IMPLEMENTATIONS = YES;
				CLANG_WARN_DIRECT_OBJC_ISA_USAGE = YES_ERROR;
				CLANG_WARN_DOCUMENTATION_COMMENTS = YES;
				CLANG_WARN_EMPTY_BODY = YES;
				CLANG_WARN_ENUM_CONVERSION = YES;
				CLANG_WARN_INFINITE_RECURSION = YES;
				CLANG_WARN_INT_CONVERSION = YES;
				CLANG_WARN_NON_LITERAL_NULL_CONVERSION = YES;
				CLANG_WARN_OBJC_IMPLICIT_RETAIN_SELF = YES;
				CLANG_WARN_OBJC_LITERAL_CONVERSION = YES;
				CLANG_WARN_OBJC_ROOT_CLASS = YES_ERROR;
				CLANG_WARN_QUOTED_INCLUDE_IN_FRAMEWORK_HEADER = YES;
				CLANG_WARN_RANGE_LOOP_ANALYSIS = YES;
				CLANG_WARN_STRICT_PROTOTYPES = YES;
				CLANG_WARN_SUSPICIOUS_MOVE = YES;
				CLANG_WARN_UNGUARDED_AVAILABILITY = YES_AGGRESSIVE;
				CLANG_WARN_UNREACHABLE_CODE = YES;
				CLANG_WARN__DUPLICATE_METHOD_MATCH = YES;
				COPY_PHASE_STRIP = NO;
				DEBUG_INFORMATION_FORMAT = "dwarf-with-dsym";
				DEVELOPMENT_TEAM = XJJX987WNG;
				ENABLE_NS_ASSERTIONS = NO;
				ENABLE_STRICT_OBJC_MSGSEND = YES;
				ENABLE_USER_SCRIPT_SANDBOXING = YES;
				GCC_C_LANGUAGE_STANDARD = gnu17;
				GCC_NO_COMMON_BLOCKS = YES;
				GCC_WARN_64_TO_32_BIT_CONVERSION = YES;
				GCC_WARN_ABOUT_RETURN_TYPE = YES_ERROR;
				GCC_WARN_UNDECLARED_SELECTOR = YES;
				GCC_WARN_UNINITIALIZED_AUTOS = YES_AGGRESSIVE;
				GCC_WARN_UNUSED_FUNCTION = YES;
				GCC_WARN_UNUSED_VARIABLE = YES;
				IPHONEOS_DEPLOYMENT_TARGET = 18.4;
				LOCALIZATION_PREFERS_STRING_CATALOGS = YES;
				MTL_ENABLE_DEBUG_INFO = NO;
				MTL_FAST_MATH = YES;
				SDKROOT = iphoneos;
				SWIFT_COMPILATION_MODE = wholemodule;
				VALIDATE_PRODUCT = YES;
			};
			name = Release;
		};
		1802513D2DD3B383009DFDD7 /* Debug */ = {
			isa = XCBuildConfiguration;
			buildSettings = {
				ASSETCATALOG_COMPILER_APPICON_NAME = AppIcon;
				ASSETCATALOG_COMPILER_GLOBAL_ACCENT_COLOR_NAME = AccentColor;
				CODE_SIGN_IDENTITY = "Apple Development";
				CODE_SIGN_STYLE = Automatic;
				CURRENT_PROJECT_VERSION = 1;
				DEVELOPMENT_TEAM = "";
				ENABLE_PREVIEWS = YES;
				GENERATE_INFOPLIST_FILE = YES;
				INFOPLIST_FILE = WhatsAppClone/Info.plist;
				INFOPLIST_KEY_UIApplicationSceneManifest_Generation = YES;
				INFOPLIST_KEY_UIApplicationSupportsIndirectInputEvents = YES;
				INFOPLIST_KEY_UILaunchScreen_Generation = YES;
				INFOPLIST_KEY_UISupportedInterfaceOrientations_iPad = "UIInterfaceOrientationPortrait UIInterfaceOrientationPortraitUpsideDown UIInterfaceOrientationLandscapeLeft UIInterfaceOrientationLandscapeRight";
				INFOPLIST_KEY_UISupportedInterfaceOrientations_iPhone = "UIInterfaceOrientationPortrait UIInterfaceOrientationLandscapeLeft UIInterfaceOrientationLandscapeRight";
				IPHONEOS_DEPLOYMENT_TARGET = 18.0;
				LD_RUNPATH_SEARCH_PATHS = (
					"$(inherited)",
					"@executable_path/Frameworks",
				);
				MARKETING_VERSION = 1.0;
				PRODUCT_BUNDLE_IDENTIFIER = manthan.WhatsAppClone;
				PRODUCT_NAME = "$(TARGET_NAME)";
				PROVISIONING_PROFILE_SPECIFIER = "";
				SWIFT_EMIT_LOC_STRINGS = YES;
				SWIFT_VERSION = 5.0;
				TARGETED_DEVICE_FAMILY = "1,2";
			};
			name = Debug;
		};
		1802513E2DD3B383009DFDD7 /* Release */ = {
			isa = XCBuildConfiguration;
			buildSettings = {
				ASSETCATALOG_COMPILER_APPICON_NAME = AppIcon;
				ASSETCATALOG_COMPILER_GLOBAL_ACCENT_COLOR_NAME = AccentColor;
				CODE_SIGN_IDENTITY = "Apple Development";
				CODE_SIGN_STYLE = Automatic;
				CURRENT_PROJECT_VERSION = 1;
				DEVELOPMENT_TEAM = "";
				ENABLE_PREVIEWS = YES;
				GENERATE_INFOPLIST_FILE = YES;
				INFOPLIST_FILE = WhatsAppClone/Info.plist;
				INFOPLIST_KEY_UIApplicationSceneManifest_Generation = YES;
				INFOPLIST_KEY_UIApplicationSupportsIndirectInputEvents = YES;
				INFOPLIST_KEY_UILaunchScreen_Generation = YES;
				INFOPLIST_KEY_UISupportedInterfaceOrientations_iPad = "UIInterfaceOrientationPortrait UIInterfaceOrientationPortraitUpsideDown UIInterfaceOrientationLandscapeLeft UIInterfaceOrientationLandscapeRight";
				INFOPLIST_KEY_UISupportedInterfaceOrientations_iPhone = "UIInterfaceOrientationPortrait UIInterfaceOrientationLandscapeLeft UIInterfaceOrientationLandscapeRight";
				IPHONEOS_DEPLOYMENT_TARGET = 18.0;
				LD_RUNPATH_SEARCH_PATHS = (
					"$(inherited)",
					"@executable_path/Frameworks",
				);
				MARKETING_VERSION = 1.0;
				PRODUCT_BUNDLE_IDENTIFIER = manthan.WhatsAppClone;
				PRODUCT_NAME = "$(TARGET_NAME)";
				PROVISIONING_PROFILE_SPECIFIER = "";
				SWIFT_EMIT_LOC_STRINGS = YES;
				SWIFT_VERSION = 5.0;
				TARGETED_DEVICE_FAMILY = "1,2";
			};
			name = Release;
		};
/* End XCBuildConfiguration section */

/* Begin XCConfigurationList section */
		1802512C2DD3B381009DFDD7 /* Build configuration list for PBXProject "WhatsAppClone" */ = {
			isa = XCConfigurationList;
			buildConfigurations = (
				1802513A2DD3B383009DFDD7 /* Debug */,
				1802513B2DD3B383009DFDD7 /* Release */,
			);
			defaultConfigurationIsVisible = 0;
			defaultConfigurationName = Release;
		};
		1802513C2DD3B383009DFDD7 /* Build configuration list for PBXNativeTarget "WhatsAppClone" */ = {
			isa = XCConfigurationList;
			buildConfigurations = (
				1802513D2DD3B383009DFDD7 /* Debug */,
				1802513E2DD3B383009DFDD7 /* Release */,
			);
			defaultConfigurationIsVisible = 0;
			defaultConfigurationName = Release;
		};
/* End XCConfigurationList section */

/* Begin XCRemoteSwiftPackageReference section */
		1846C8702DD9126900AEE854 /* XCRemoteSwiftPackageReference "firebase-ios-sdk" */ = {
			isa = XCRemoteSwiftPackageReference;
			repositoryURL = "https://github.com/firebase/firebase-ios-sdk";
			requirement = {
				kind = upToNextMajorVersion;
				minimumVersion = 11.12.0;
			};
		};
		18B6CB3F2DDB9EDB00410B46 /* XCRemoteSwiftPackageReference "NVActivityIndicatorView" */ = {
			isa = XCRemoteSwiftPackageReference;
			repositoryURL = "https://github.com/ninjaprox/NVActivityIndicatorView.git";
			requirement = {
				kind = upToNextMajorVersion;
				minimumVersion = 5.2.0;
			};
		};
/* End XCRemoteSwiftPackageReference section */

/* Begin XCSwiftPackageProductDependency section */
		1846C8712DD9126900AEE854 /* FirebaseAuth */ = {
			isa = XCSwiftPackageProductDependency;
			package = 1846C8702DD9126900AEE854 /* XCRemoteSwiftPackageReference "firebase-ios-sdk" */;
			productName = FirebaseAuth;
		};
		1846C8732DD9126900AEE854 /* FirebaseCore */ = {
			isa = XCSwiftPackageProductDependency;
			package = 1846C8702DD9126900AEE854 /* XCRemoteSwiftPackageReference "firebase-ios-sdk" */;
			productName = FirebaseCore;
		};
		1846C8752DD9126900AEE854 /* FirebaseDatabase */ = {
			isa = XCSwiftPackageProductDependency;
			package = 1846C8702DD9126900AEE854 /* XCRemoteSwiftPackageReference "firebase-ios-sdk" */;
			productName = FirebaseDatabase;
		};
		1846C8772DD9126900AEE854 /* FirebaseFirestore */ = {
			isa = XCSwiftPackageProductDependency;
			package = 1846C8702DD9126900AEE854 /* XCRemoteSwiftPackageReference "firebase-ios-sdk" */;
			productName = FirebaseFirestore;
		};
		1846C8792DD9126900AEE854 /* FirebaseStorage */ = {
			isa = XCSwiftPackageProductDependency;
			package = 1846C8702DD9126900AEE854 /* XCRemoteSwiftPackageReference "firebase-ios-sdk" */;
			productName = FirebaseStorage;
		};
		18B6CB402DDB9EDB00410B46 /* NVActivityIndicatorView */ = {
			isa = XCSwiftPackageProductDependency;
			package = 18B6CB3F2DDB9EDB00410B46 /* XCRemoteSwiftPackageReference "NVActivityIndicatorView" */;
			productName = NVActivityIndicatorView;
		};
		18B6CB422DDB9EDB00410B46 /* NVActivityIndicatorViewExtended */ = {
			isa = XCSwiftPackageProductDependency;
			package = 18B6CB3F2DDB9EDB00410B46 /* XCRemoteSwiftPackageReference "NVActivityIndicatorView" */;
			productName = NVActivityIndicatorViewExtended;
		};
/* End XCSwiftPackageProductDependency section */
	};
	rootObject = 180251292DD3B381009DFDD7 /* Project object */;
}
